
Microsoft Visual Studio Solution File, Format Version 12.00
# Visual Studio 15
Project("{FAE04EC0-301F-11D3-BF4B-00C04F79EFBC}") = "Unity.Timeline", "Unity.Timeline.csproj", "{7E63140E-CBC0-8ED3-5D93-6940E40D45CD}"
EndProject
Project("{FAE04EC0-301F-11D3-BF4B-00C04F79EFBC}") = "Unity.Timeline.Editor", "Unity.Timeline.Editor.csproj", "{BCD8A3BD-8DE1-E5DC-CA19-56413A8A6340}"
EndProject
Project("{FAE04EC0-301F-11D3-BF4B-00C04F79EFBC}") = "Unity.TextMeshPro.Editor", "Unity.TextMeshPro.Editor.csproj", "{F418D538-B70F-3F5A-65CF-83B70CAA0D4E}"
EndProject
Project("{FAE04EC0-301F-11D3-BF4B-00C04F79EFBC}") = "Unity.2D.Aseprite.Editor", "Unity.2D.Aseprite.Editor.csproj", "{AA133B8F-722B-6574-5E98-CAFB20C024C9}"
EndProject
Project("{FAE04EC0-301F-11D3-BF4B-00C04F79EFBC}") = "Unity.VisualScripting.Flow", "Unity.VisualScripting.Flow.csproj", "{B2B7B142-7DEC-A5F3-A6BD-B38CADBDA190}"
EndProject
Project("{FAE04EC0-301F-11D3-BF4B-00C04F79EFBC}") = "Unity.PlasticSCM.Editor", "Unity.PlasticSCM.Editor.csproj", "{BB4A91C1-41D6-A954-C056-74F79B1F6CCA}"
EndProject
Project("{FAE04EC0-301F-11D3-BF4B-00C04F79EFBC}") = "Unity.2D.Psdimporter.Editor", "Unity.2D.Psdimporter.Editor.csproj", "{C3A96CA7-B240-2AEA-907D-3CD4C31BCEEE}"
EndProject
Project("{FAE04EC0-301F-11D3-BF4B-00C04F79EFBC}") = "Unity.VisualScripting.Core", "Unity.VisualScripting.Core.csproj", "{B8BF099D-15CF-51B0-6DFB-1FAEDEB47737}"
EndProject
Project("{FAE04EC0-301F-11D3-BF4B-00C04F79EFBC}") = "Unity.Mathematics", "Unity.Mathematics.csproj", "{50E34A11-A38E-29FE-0B75-46FF2F59CB86}"
EndProject
Project("{FAE04EC0-301F-11D3-BF4B-00C04F79EFBC}") = "Unity.2D.Common.Path.Editor", "Unity.2D.Common.Path.Editor.csproj", "{3BF1FDAD-F714-0E7A-FE96-724FD698F397}"
EndProject
Project("{FAE04EC0-301F-11D3-BF4B-00C04F79EFBC}") = "Unity.2D.Animation.Editor", "Unity.2D.Animation.Editor.csproj", "{D8918F93-8CBB-F9F6-89CF-06E93182B0F9}"
EndProject
Project("{FAE04EC0-301F-11D3-BF4B-00C04F79EFBC}") = "Unity.VisualScripting.Core.Editor", "Unity.VisualScripting.Core.Editor.csproj", "{017DF200-4B77-010A-0BED-5ABAC22B1C51}"
EndProject
Project("{FAE04EC0-301F-11D3-BF4B-00C04F79EFBC}") = "Unity.2D.IK.Runtime", "Unity.2D.IK.Runtime.csproj", "{C3C54365-36C6-0777-B7D9-10C2EDDF2C1D}"
EndProject
Project("{FAE04EC0-301F-11D3-BF4B-00C04F79EFBC}") = "Unity.VisualScripting.Flow.Editor", "Unity.VisualScripting.Flow.Editor.csproj", "{09338399-314E-2725-F634-11163BD820C7}"
EndProject
Project("{FAE04EC0-301F-11D3-BF4B-00C04F79EFBC}") = "UnityEditor.TestRunner", "UnityEditor.TestRunner.csproj", "{52973947-6988-5004-26F7-EC3594020973}"
EndProject
Project("{FAE04EC0-301F-11D3-BF4B-00C04F79EFBC}") = "Unity.VisualScripting.SettingsProvider.Editor", "Unity.VisualScripting.SettingsProvider.Editor.csproj", "{17969E97-70C5-7627-6820-527267E9A659}"
EndProject
Project("{FAE04EC0-301F-11D3-BF4B-00C04F79EFBC}") = "UnityEngine.TestRunner", "UnityEngine.TestRunner.csproj", "{D300F708-8657-69C0-9706-D856F6E639B3}"
EndProject
Project("{FAE04EC0-301F-11D3-BF4B-00C04F79EFBC}") = "PsdPlugin", "PsdPlugin.csproj", "{DAC33650-5FFE-59F9-5B9A-9D62A96EF4D7}"
EndProject
Project("{FAE04EC0-301F-11D3-BF4B-00C04F79EFBC}") = "Unity.Searcher.Editor", "Unity.Searcher.Editor.csproj", "{EE8C9718-F9FE-5E9D-B9A0-2C0CE6DCE517}"
EndProject
Project("{FAE04EC0-301F-11D3-BF4B-00C04F79EFBC}") = "Unity.Burst", "Unity.Burst.csproj", "{227FBFD7-0463-6D42-6D5A-5A0A30FB4C35}"
EndProject
Project("{FAE04EC0-301F-11D3-BF4B-00C04F79EFBC}") = "Unity.Collections", "Unity.Collections.csproj", "{DE42000F-DBB1-1303-008C-E186BECE5B13}"
EndProject
Project("{FAE04EC0-301F-11D3-BF4B-00C04F79EFBC}") = "Assembly-CSharp", "Assembly-CSharp.csproj", "{8825EC20-0F83-5304-205D-62382DC7A784}"
EndProject
Project("{FAE04EC0-301F-11D3-BF4B-00C04F79EFBC}") = "Unity.2D.SpriteShape.Editor", "Unity.2D.SpriteShape.Editor.csproj", "{6E1EDA4F-6D20-2128-232C-88732A9D7D30}"
EndProject
Project("{FAE04EC0-301F-11D3-BF4B-00C04F79EFBC}") = "Unity.VisualStudio.Editor", "Unity.VisualStudio.Editor.csproj", "{D3463BB6-913E-CF47-CA41-14989771F714}"
EndProject
Project("{FAE04EC0-301F-11D3-BF4B-00C04F79EFBC}") = "Unity.2D.Tilemap.Extras.Editor", "Unity.2D.Tilemap.Extras.Editor.csproj", "{9E975C06-D1A8-6507-3F5C-C0D4815F1606}"
EndProject
Project("{FAE04EC0-301F-11D3-BF4B-00C04F79EFBC}") = "Unity.Rider.Editor", "Unity.Rider.Editor.csproj", "{BC05BB17-45D8-DF88-19DF-D8CDBFDAF7A8}"
EndProject
Project("{FAE04EC0-301F-11D3-BF4B-00C04F79EFBC}") = "Unity.InternalAPIEditorBridge.001", "Unity.InternalAPIEditorBridge.001.csproj", "{367FF66C-0484-AF83-A901-D1B9ECBDDE1A}"
EndProject
Project("{FAE04EC0-301F-11D3-BF4B-00C04F79EFBC}") = "Unity.2D.SpriteShape.Runtime", "Unity.2D.SpriteShape.Runtime.csproj", "{652B9460-B46E-0471-3759-13C7350C4F13}"
EndProject
Project("{FAE04EC0-301F-11D3-BF4B-00C04F79EFBC}") = "Unity.VisualScripting.State.Editor", "Unity.VisualScripting.State.Editor.csproj", "{D0F31833-A7FA-33ED-5FEF-9B0C477B976F}"
EndProject
Project("{FAE04EC0-301F-11D3-BF4B-00C04F79EFBC}") = "Unity.2D.Animation.Runtime", "Unity.2D.Animation.Runtime.csproj", "{727C7112-8B90-5093-2204-31F98CDA3F83}"
EndProject
Project("{FAE04EC0-301F-11D3-BF4B-00C04F79EFBC}") = "Unity.Burst.CodeGen", "Unity.Burst.CodeGen.csproj", "{8B1DE256-3C57-90C0-565B-00C2EB46A354}"
EndProject
Project("{FAE04EC0-301F-11D3-BF4B-00C04F79EFBC}") = "Unity.2D.Tilemap.Extras", "Unity.2D.Tilemap.Extras.csproj", "{3351CF33-8774-AE16-6E8B-9B2C7B1B98C7}"
EndProject
Project("{FAE04EC0-301F-11D3-BF4B-00C04F79EFBC}") = "Unity.VisualScripting.State", "Unity.VisualScripting.State.csproj", "{5E20F8B1-69C9-67DA-2037-5443DFF8ED10}"
EndProject
Project("{FAE04EC0-301F-11D3-BF4B-00C04F79EFBC}") = "Unity.TextMeshPro", "Unity.TextMeshPro.csproj", "{36E36587-4D4D-5A7F-5253-1A98CA814CF5}"
EndProject
Project("{FAE04EC0-301F-11D3-BF4B-00C04F79EFBC}") = "Unity.2D.Aseprite.Common", "Unity.2D.Aseprite.Common.csproj", "{71421F6C-C215-D87A-D75E-9D91E16EBF2B}"
EndProject
Project("{FAE04EC0-301F-11D3-BF4B-00C04F79EFBC}") = "Unity.2D.IK.Editor", "Unity.2D.IK.Editor.csproj", "{E0E1F3B6-E7E7-585D-E6C7-B81086B351A9}"
EndProject
Project("{FAE04EC0-301F-11D3-BF4B-00C04F79EFBC}") = "Unity.InternalAPIEngineBridge.001", "Unity.InternalAPIEngineBridge.001.csproj", "{484C2AAD-F183-CE74-E99C-1D2246800686}"
EndProject
Project("{FAE04EC0-301F-11D3-BF4B-00C04F79EFBC}") = "Unity.Burst.Editor", "Unity.Burst.Editor.csproj", "{133E8D23-FB21-21A8-6337-42D84E353DCF}"
EndProject
Project("{FAE04EC0-301F-11D3-BF4B-00C04F79EFBC}") = "Unity.2D.Common.Editor", "Unity.2D.Common.Editor.csproj", "{7AD9DDF1-2206-312D-66DA-C36AB8D687A5}"
EndProject
Project("{FAE04EC0-301F-11D3-BF4B-00C04F79EFBC}") = "Unity.2D.PixelPerfect", "Unity.2D.PixelPerfect.csproj", "{DB58FBCE-863C-2142-78E0-ED3EE4524C96}"
EndProject
Project("{FAE04EC0-301F-11D3-BF4B-00C04F79EFBC}") = "Unity.2D.PixelPerfect.Editor", "Unity.2D.PixelPerfect.Editor.csproj", "{8C3CBA0F-57F2-5B7A-3F0A-80E52C3C229F}"
EndProject
Project("{FAE04EC0-301F-11D3-BF4B-00C04F79EFBC}") = "Unity.2D.Common.Runtime", "Unity.2D.Common.Runtime.csproj", "{E78AE709-9BBD-7A9F-136B-B810025163F2}"
EndProject
Project("{FAE04EC0-301F-11D3-BF4B-00C04F79EFBC}") = "Unity.Mathematics.Editor", "Unity.Mathematics.Editor.csproj", "{2165CBF5-FB8A-7DA3-1F60-6D675A5D8A5F}"
EndProject
Project("{FAE04EC0-301F-11D3-BF4B-00C04F79EFBC}") = "Unity.Collections.BurstCompatibilityGen", "Unity.Collections.BurstCompatibilityGen.csproj", "{7A89BFD5-6AB4-B4F4-1507-65DED1BD2C94}"
EndProject
Project("{FAE04EC0-301F-11D3-BF4B-00C04F79EFBC}") = "Unity.VisualScripting.Shared.Editor", "Unity.VisualScripting.Shared.Editor.csproj", "{63A70827-3D9A-C85B-6873-C340EBC4FEF9}"
EndProject
Project("{FAE04EC0-301F-11D3-BF4B-00C04F79EFBC}") = "Unity.Collections.DocCodeSamples", "Unity.Collections.DocCodeSamples.csproj", "{B559A64A-7858-CFC0-99B0-88E4C9A47AA3}"
EndProject
Project("{FAE04EC0-301F-11D3-BF4B-00C04F79EFBC}") = "Unity.CollabProxy.Editor", "Unity.CollabProxy.Editor.csproj", "{80FDB13F-CA59-E61A-DAFE-2DF3EA85119E}"
EndProject
Global
	GlobalSection(SolutionConfigurationPlatforms) = preSolution
		Debug|Any CPU = Debug|Any CPU
		Release|Any CPU = Release|Any CPU
	EndGlobalSection
	GlobalSection(ProjectConfigurationPlatforms) = postSolution
		{7E63140E-CBC0-8ED3-5D93-6940E40D45CD}.Debug|Any CPU.ActiveCfg = Debug|Any CPU
		{7E63140E-CBC0-8ED3-5D93-6940E40D45CD}.Debug|Any CPU.Build.0 = Debug|Any CPU
		{7E63140E-CBC0-8ED3-5D93-6940E40D45CD}.Release|Any CPU.ActiveCfg = Release|Any CPU
		{7E63140E-CBC0-8ED3-5D93-6940E40D45CD}.Release|Any CPU.Build.0 = Release|Any CPU
		{BCD8A3BD-8DE1-E5DC-CA19-56413A8A6340}.Debug|Any CPU.ActiveCfg = Debug|Any CPU
		{BCD8A3BD-8DE1-E5DC-CA19-56413A8A6340}.Debug|Any CPU.Build.0 = Debug|Any CPU
		{BCD8A3BD-8DE1-E5DC-CA19-56413A8A6340}.Release|Any CPU.ActiveCfg = Release|Any CPU
		{BCD8A3BD-8DE1-E5DC-CA19-56413A8A6340}.Release|Any CPU.Build.0 = Release|Any CPU
		{F418D538-B70F-3F5A-65CF-83B70CAA0D4E}.Debug|Any CPU.ActiveCfg = Debug|Any CPU
		{F418D538-B70F-3F5A-65CF-83B70CAA0D4E}.Debug|Any CPU.Build.0 = Debug|Any CPU
		{F418D538-B70F-3F5A-65CF-83B70CAA0D4E}.Release|Any CPU.ActiveCfg = Release|Any CPU
		{F418D538-B70F-3F5A-65CF-83B70CAA0D4E}.Release|Any CPU.Build.0 = Release|Any CPU
		{AA133B8F-722B-6574-5E98-CAFB20C024C9}.Debug|Any CPU.ActiveCfg = Debug|Any CPU
		{AA133B8F-722B-6574-5E98-CAFB20C024C9}.Debug|Any CPU.Build.0 = Debug|Any CPU
		{AA133B8F-722B-6574-5E98-CAFB20C024C9}.Release|Any CPU.ActiveCfg = Release|Any CPU
		{AA133B8F-722B-6574-5E98-CAFB20C024C9}.Release|Any CPU.Build.0 = Release|Any CPU
		{B2B7B142-7DEC-A5F3-A6BD-B38CADBDA190}.Debug|Any CPU.ActiveCfg = Debug|Any CPU
		{B2B7B142-7DEC-A5F3-A6BD-B38CADBDA190}.Debug|Any CPU.Build.0 = Debug|Any CPU
		{B2B7B142-7DEC-A5F3-A6BD-B38CADBDA190}.Release|Any CPU.ActiveCfg = Release|Any CPU
		{B2B7B142-7DEC-A5F3-A6BD-B38CADBDA190}.Release|Any CPU.Build.0 = Release|Any CPU
		{BB4A91C1-41D6-A954-C056-74F79B1F6CCA}.Debug|Any CPU.ActiveCfg = Debug|Any CPU
		{BB4A91C1-41D6-A954-C056-74F79B1F6CCA}.Debug|Any CPU.Build.0 = Debug|Any CPU
		{BB4A91C1-41D6-A954-C056-74F79B1F6CCA}.Release|Any CPU.ActiveCfg = Release|Any CPU
		{BB4A91C1-41D6-A954-C056-74F79B1F6CCA}.Release|Any CPU.Build.0 = Release|Any CPU
		{C3A96CA7-B240-2AEA-907D-3CD4C31BCEEE}.Debug|Any CPU.ActiveCfg = Debug|Any CPU
		{C3A96CA7-B240-2AEA-907D-3CD4C31BCEEE}.Debug|Any CPU.Build.0 = Debug|Any CPU
		{C3A96CA7-B240-2AEA-907D-3CD4C31BCEEE}.Release|Any CPU.ActiveCfg = Release|Any CPU
		{C3A96CA7-B240-2AEA-907D-3CD4C31BCEEE}.Release|Any CPU.Build.0 = Release|Any CPU
		{B8BF099D-15CF-51B0-6DFB-1FAEDEB47737}.Debug|Any CPU.ActiveCfg = Debug|Any CPU
		{B8BF099D-15CF-51B0-6DFB-1FAEDEB47737}.Debug|Any CPU.Build.0 = Debug|Any CPU
		{B8BF099D-15CF-51B0-6DFB-1FAEDEB47737}.Release|Any CPU.ActiveCfg = Release|Any CPU
		{B8BF099D-15CF-51B0-6DFB-1FAEDEB47737}.Release|Any CPU.Build.0 = Release|Any CPU
		{50E34A11-A38E-29FE-0B75-46FF2F59CB86}.Debug|Any CPU.ActiveCfg = Debug|Any CPU
		{50E34A11-A38E-29FE-0B75-46FF2F59CB86}.Debug|Any CPU.Build.0 = Debug|Any CPU
		{50E34A11-A38E-29FE-0B75-46FF2F59CB86}.Release|Any CPU.ActiveCfg = Release|Any CPU
		{50E34A11-A38E-29FE-0B75-46FF2F59CB86}.Release|Any CPU.Build.0 = Release|Any CPU
		{3BF1FDAD-F714-0E7A-FE96-724FD698F397}.Debug|Any CPU.ActiveCfg = Debug|Any CPU
		{3BF1FDAD-F714-0E7A-FE96-724FD698F397}.Debug|Any CPU.Build.0 = Debug|Any CPU
		{3BF1FDAD-F714-0E7A-FE96-724FD698F397}.Release|Any CPU.ActiveCfg = Release|Any CPU
		{3BF1FDAD-F714-0E7A-FE96-724FD698F397}.Release|Any CPU.Build.0 = Release|Any CPU
		{D8918F93-8CBB-F9F6-89CF-06E93182B0F9}.Debug|Any CPU.ActiveCfg = Debug|Any CPU
		{D8918F93-8CBB-F9F6-89CF-06E93182B0F9}.Debug|Any CPU.Build.0 = Debug|Any CPU
		{D8918F93-8CBB-F9F6-89CF-06E93182B0F9}.Release|Any CPU.ActiveCfg = Release|Any CPU
		{D8918F93-8CBB-F9F6-89CF-06E93182B0F9}.Release|Any CPU.Build.0 = Release|Any CPU
		{017DF200-4B77-010A-0BED-5ABAC22B1C51}.Debug|Any CPU.ActiveCfg = Debug|Any CPU
		{017DF200-4B77-010A-0BED-5ABAC22B1C51}.Debug|Any CPU.Build.0 = Debug|Any CPU
		{017DF200-4B77-010A-0BED-5ABAC22B1C51}.Release|Any CPU.ActiveCfg = Release|Any CPU
		{017DF200-4B77-010A-0BED-5ABAC22B1C51}.Release|Any CPU.Build.0 = Release|Any CPU
		{C3C54365-36C6-0777-B7D9-10C2EDDF2C1D}.Debug|Any CPU.ActiveCfg = Debug|Any CPU
		{C3C54365-36C6-0777-B7D9-10C2EDDF2C1D}.Debug|Any CPU.Build.0 = Debug|Any CPU
		{C3C54365-36C6-0777-B7D9-10C2EDDF2C1D}.Release|Any CPU.ActiveCfg = Release|Any CPU
		{C3C54365-36C6-0777-B7D9-10C2EDDF2C1D}.Release|Any CPU.Build.0 = Release|Any CPU
		{09338399-314E-2725-F634-11163BD820C7}.Debug|Any CPU.ActiveCfg = Debug|Any CPU
		{09338399-314E-2725-F634-11163BD820C7}.Debug|Any CPU.Build.0 = Debug|Any CPU
		{09338399-314E-2725-F634-11163BD820C7}.Release|Any CPU.ActiveCfg = Release|Any CPU
		{09338399-314E-2725-F634-11163BD820C7}.Release|Any CPU.Build.0 = Release|Any CPU
		{52973947-6988-5004-26F7-EC3594020973}.Debug|Any CPU.ActiveCfg = Debug|Any CPU
		{52973947-6988-5004-26F7-EC3594020973}.Debug|Any CPU.Build.0 = Debug|Any CPU
		{52973947-6988-5004-26F7-EC3594020973}.Release|Any CPU.ActiveCfg = Release|Any CPU
		{52973947-6988-5004-26F7-EC3594020973}.Release|Any CPU.Build.0 = Release|Any CPU
		{17969E97-70C5-7627-6820-527267E9A659}.Debug|Any CPU.ActiveCfg = Debug|Any CPU
		{17969E97-70C5-7627-6820-527267E9A659}.Debug|Any CPU.Build.0 = Debug|Any CPU
		{17969E97-70C5-7627-6820-527267E9A659}.Release|Any CPU.ActiveCfg = Release|Any CPU
		{17969E97-70C5-7627-6820-527267E9A659}.Release|Any CPU.Build.0 = Release|Any CPU
		{D300F708-8657-69C0-9706-D856F6E639B3}.Debug|Any CPU.ActiveCfg = Debug|Any CPU
		{D300F708-8657-69C0-9706-D856F6E639B3}.Debug|Any CPU.Build.0 = Debug|Any CPU
		{D300F708-8657-69C0-9706-D856F6E639B3}.Release|Any CPU.ActiveCfg = Release|Any CPU
		{D300F708-8657-69C0-9706-D856F6E639B3}.Release|Any CPU.Build.0 = Release|Any CPU
		{DAC33650-5FFE-59F9-5B9A-9D62A96EF4D7}.Debug|Any CPU.ActiveCfg = Debug|Any CPU
		{DAC33650-5FFE-59F9-5B9A-9D62A96EF4D7}.Debug|Any CPU.Build.0 = Debug|Any CPU
		{DAC33650-5FFE-59F9-5B9A-9D62A96EF4D7}.Release|Any CPU.ActiveCfg = Release|Any CPU
		{DAC33650-5FFE-59F9-5B9A-9D62A96EF4D7}.Release|Any CPU.Build.0 = Release|Any CPU
		{EE8C9718-F9FE-5E9D-B9A0-2C0CE6DCE517}.Debug|Any CPU.ActiveCfg = Debug|Any CPU
		{EE8C9718-F9FE-5E9D-B9A0-2C0CE6DCE517}.Debug|Any CPU.Build.0 = Debug|Any CPU
		{EE8C9718-F9FE-5E9D-B9A0-2C0CE6DCE517}.Release|Any CPU.ActiveCfg = Release|Any CPU
		{EE8C9718-F9FE-5E9D-B9A0-2C0CE6DCE517}.Release|Any CPU.Build.0 = Release|Any CPU
		{227FBFD7-0463-6D42-6D5A-5A0A30FB4C35}.Debug|Any CPU.ActiveCfg = Debug|Any CPU
		{227FBFD7-0463-6D42-6D5A-5A0A30FB4C35}.Debug|Any CPU.Build.0 = Debug|Any CPU
		{227FBFD7-0463-6D42-6D5A-5A0A30FB4C35}.Release|Any CPU.ActiveCfg = Release|Any CPU
		{227FBFD7-0463-6D42-6D5A-5A0A30FB4C35}.Release|Any CPU.Build.0 = Release|Any CPU
		{DE42000F-DBB1-1303-008C-E186BECE5B13}.Debug|Any CPU.ActiveCfg = Debug|Any CPU
		{DE42000F-DBB1-1303-008C-E186BECE5B13}.Debug|Any CPU.Build.0 = Debug|Any CPU
		{DE42000F-DBB1-1303-008C-E186BECE5B13}.Release|Any CPU.ActiveCfg = Release|Any CPU
		{DE42000F-DBB1-1303-008C-E186BECE5B13}.Release|Any CPU.Build.0 = Release|Any CPU
		{8825EC20-0F83-5304-205D-62382DC7A784}.Debug|Any CPU.ActiveCfg = Debug|Any CPU
		{8825EC20-0F83-5304-205D-62382DC7A784}.Debug|Any CPU.Build.0 = Debug|Any CPU
		{8825EC20-0F83-5304-205D-62382DC7A784}.Release|Any CPU.ActiveCfg = Release|Any CPU
		{8825EC20-0F83-5304-205D-62382DC7A784}.Release|Any CPU.Build.0 = Release|Any CPU
		{6E1EDA4F-6D20-2128-232C-88732A9D7D30}.Debug|Any CPU.ActiveCfg = Debug|Any CPU
		{6E1EDA4F-6D20-2128-232C-88732A9D7D30}.Debug|Any CPU.Build.0 = Debug|Any CPU
		{6E1EDA4F-6D20-2128-232C-88732A9D7D30}.Release|Any CPU.ActiveCfg = Release|Any CPU
		{6E1EDA4F-6D20-2128-232C-88732A9D7D30}.Release|Any CPU.Build.0 = Release|Any CPU
		{D3463BB6-913E-CF47-CA41-14989771F714}.Debug|Any CPU.ActiveCfg = Debug|Any CPU
		{D3463BB6-913E-CF47-CA41-14989771F714}.Debug|Any CPU.Build.0 = Debug|Any CPU
		{D3463BB6-913E-CF47-CA41-14989771F714}.Release|Any CPU.ActiveCfg = Release|Any CPU
		{D3463BB6-913E-CF47-CA41-14989771F714}.Release|Any CPU.Build.0 = Release|Any CPU
		{9E975C06-D1A8-6507-3F5C-C0D4815F1606}.Debug|Any CPU.ActiveCfg = Debug|Any CPU
		{9E975C06-D1A8-6507-3F5C-C0D4815F1606}.Debug|Any CPU.Build.0 = Debug|Any CPU
		{9E975C06-D1A8-6507-3F5C-C0D4815F1606}.Release|Any CPU.ActiveCfg = Release|Any CPU
		{9E975C06-D1A8-6507-3F5C-C0D4815F1606}.Release|Any CPU.Build.0 = Release|Any CPU
		{BC05BB17-45D8-DF88-19DF-D8CDBFDAF7A8}.Debug|Any CPU.ActiveCfg = Debug|Any CPU
		{BC05BB17-45D8-DF88-19DF-D8CDBFDAF7A8}.Debug|Any CPU.Build.0 = Debug|Any CPU
		{BC05BB17-45D8-DF88-19DF-D8CDBFDAF7A8}.Release|Any CPU.ActiveCfg = Release|Any CPU
		{BC05BB17-45D8-DF88-19DF-D8CDBFDAF7A8}.Release|Any CPU.Build.0 = Release|Any CPU
		{367FF66C-0484-AF83-A901-D1B9ECBDDE1A}.Debug|Any CPU.ActiveCfg = Debug|Any CPU
		{367FF66C-0484-AF83-A901-D1B9ECBDDE1A}.Debug|Any CPU.Build.0 = Debug|Any CPU
		{367FF66C-0484-AF83-A901-D1B9ECBDDE1A}.Release|Any CPU.ActiveCfg = Release|Any CPU
		{367FF66C-0484-AF83-A901-D1B9ECBDDE1A}.Release|Any CPU.Build.0 = Release|Any CPU
		{652B9460-B46E-0471-3759-13C7350C4F13}.Debug|Any CPU.ActiveCfg = Debug|Any CPU
		{652B9460-B46E-0471-3759-13C7350C4F13}.Debug|Any CPU.Build.0 = Debug|Any CPU
		{652B9460-B46E-0471-3759-13C7350C4F13}.Release|Any CPU.ActiveCfg = Release|Any CPU
		{652B9460-B46E-0471-3759-13C7350C4F13}.Release|Any CPU.Build.0 = Release|Any CPU
		{D0F31833-A7FA-33ED-5FEF-9B0C477B976F}.Debug|Any CPU.ActiveCfg = Debug|Any CPU
		{D0F31833-A7FA-33ED-5FEF-9B0C477B976F}.Debug|Any CPU.Build.0 = Debug|Any CPU
		{D0F31833-A7FA-33ED-5FEF-9B0C477B976F}.Release|Any CPU.ActiveCfg = Release|Any CPU
		{D0F31833-A7FA-33ED-5FEF-9B0C477B976F}.Release|Any CPU.Build.0 = Release|Any CPU
		{727C7112-8B90-5093-2204-31F98CDA3F83}.Debug|Any CPU.ActiveCfg = Debug|Any CPU
		{727C7112-8B90-5093-2204-31F98CDA3F83}.Debug|Any CPU.Build.0 = Debug|Any CPU
		{727C7112-8B90-5093-2204-31F98CDA3F83}.Release|Any CPU.ActiveCfg = Release|Any CPU
		{727C7112-8B90-5093-2204-31F98CDA3F83}.Release|Any CPU.Build.0 = Release|Any CPU
		{8B1DE256-3C57-90C0-565B-00C2EB46A354}.Debug|Any CPU.ActiveCfg = Debug|Any CPU
		{8B1DE256-3C57-90C0-565B-00C2EB46A354}.Debug|Any CPU.Build.0 = Debug|Any CPU
		{8B1DE256-3C57-90C0-565B-00C2EB46A354}.Release|Any CPU.ActiveCfg = Release|Any CPU
		{8B1DE256-3C57-90C0-565B-00C2EB46A354}.Release|Any CPU.Build.0 = Release|Any CPU
		{3351CF33-8774-AE16-6E8B-9B2C7B1B98C7}.Debug|Any CPU.ActiveCfg = Debug|Any CPU
		{3351CF33-8774-AE16-6E8B-9B2C7B1B98C7}.Debug|Any CPU.Build.0 = Debug|Any CPU
		{3351CF33-8774-AE16-6E8B-9B2C7B1B98C7}.Release|Any CPU.ActiveCfg = Release|Any CPU
		{3351CF33-8774-AE16-6E8B-9B2C7B1B98C7}.Release|Any CPU.Build.0 = Release|Any CPU
		{5E20F8B1-69C9-67DA-2037-5443DFF8ED10}.Debug|Any CPU.ActiveCfg = Debug|Any CPU
		{5E20F8B1-69C9-67DA-2037-5443DFF8ED10}.Debug|Any CPU.Build.0 = Debug|Any CPU
		{5E20F8B1-69C9-67DA-2037-5443DFF8ED10}.Release|Any CPU.ActiveCfg = Release|Any CPU
		{5E20F8B1-69C9-67DA-2037-5443DFF8ED10}.Release|Any CPU.Build.0 = Release|Any CPU
		{36E36587-4D4D-5A7F-5253-1A98CA814CF5}.Debug|Any CPU.ActiveCfg = Debug|Any CPU
		{36E36587-4D4D-5A7F-5253-1A98CA814CF5}.Debug|Any CPU.Build.0 = Debug|Any CPU
		{36E36587-4D4D-5A7F-5253-1A98CA814CF5}.Release|Any CPU.ActiveCfg = Release|Any CPU
		{36E36587-4D4D-5A7F-5253-1A98CA814CF5}.Release|Any CPU.Build.0 = Release|Any CPU
		{71421F6C-C215-D87A-D75E-9D91E16EBF2B}.Debug|Any CPU.ActiveCfg = Debug|Any CPU
		{71421F6C-C215-D87A-D75E-9D91E16EBF2B}.Debug|Any CPU.Build.0 = Debug|Any CPU
		{71421F6C-C215-D87A-D75E-9D91E16EBF2B}.Release|Any CPU.ActiveCfg = Release|Any CPU
		{71421F6C-C215-D87A-D75E-9D91E16EBF2B}.Release|Any CPU.Build.0 = Release|Any CPU
		{E0E1F3B6-E7E7-585D-E6C7-B81086B351A9}.Debug|Any CPU.ActiveCfg = Debug|Any CPU
		{E0E1F3B6-E7E7-585D-E6C7-B81086B351A9}.Debug|Any CPU.Build.0 = Debug|Any CPU
		{E0E1F3B6-E7E7-585D-E6C7-B81086B351A9}.Release|Any CPU.ActiveCfg = Release|Any CPU
		{E0E1F3B6-E7E7-585D-E6C7-B81086B351A9}.Release|Any CPU.Build.0 = Release|Any CPU
		{484C2AAD-F183-CE74-E99C-1D2246800686}.Debug|Any CPU.ActiveCfg = Debug|Any CPU
		{484C2AAD-F183-CE74-E99C-1D2246800686}.Debug|Any CPU.Build.0 = Debug|Any CPU
		{484C2AAD-F183-CE74-E99C-1D2246800686}.Release|Any CPU.ActiveCfg = Release|Any CPU
		{484C2AAD-F183-CE74-E99C-1D2246800686}.Release|Any CPU.Build.0 = Release|Any CPU
		{133E8D23-FB21-21A8-6337-42D84E353DCF}.Debug|Any CPU.ActiveCfg = Debug|Any CPU
		{133E8D23-FB21-21A8-6337-42D84E353DCF}.Debug|Any CPU.Build.0 = Debug|Any CPU
		{133E8D23-FB21-21A8-6337-42D84E353DCF}.Release|Any CPU.ActiveCfg = Release|Any CPU
		{133E8D23-FB21-21A8-6337-42D84E353DCF}.Release|Any CPU.Build.0 = Release|Any CPU
		{7AD9DDF1-2206-312D-66DA-C36AB8D687A5}.Debug|Any CPU.ActiveCfg = Debug|Any CPU
		{7AD9DDF1-2206-312D-66DA-C36AB8D687A5}.Debug|Any CPU.Build.0 = Debug|Any CPU
		{7AD9DDF1-2206-312D-66DA-C36AB8D687A5}.Release|Any CPU.ActiveCfg = Release|Any CPU
		{7AD9DDF1-2206-312D-66DA-C36AB8D687A5}.Release|Any CPU.Build.0 = Release|Any CPU
		{DB58FBCE-863C-2142-78E0-ED3EE4524C96}.Debug|Any CPU.ActiveCfg = Debug|Any CPU
		{DB58FBCE-863C-2142-78E0-ED3EE4524C96}.Debug|Any CPU.Build.0 = Debug|Any CPU
		{DB58FBCE-863C-2142-78E0-ED3EE4524C96}.Release|Any CPU.ActiveCfg = Release|Any CPU
		{DB58FBCE-863C-2142-78E0-ED3EE4524C96}.Release|Any CPU.Build.0 = Release|Any CPU
		{8C3CBA0F-57F2-5B7A-3F0A-80E52C3C229F}.Debug|Any CPU.ActiveCfg = Debug|Any CPU
		{8C3CBA0F-57F2-5B7A-3F0A-80E52C3C229F}.Debug|Any CPU.Build.0 = Debug|Any CPU
		{8C3CBA0F-57F2-5B7A-3F0A-80E52C3C229F}.Release|Any CPU.ActiveCfg = Release|Any CPU
		{8C3CBA0F-57F2-5B7A-3F0A-80E52C3C229F}.Release|Any CPU.Build.0 = Release|Any CPU
		{E78AE709-9BBD-7A9F-136B-B810025163F2}.Debug|Any CPU.ActiveCfg = Debug|Any CPU
		{E78AE709-9BBD-7A9F-136B-B810025163F2}.Debug|Any CPU.Build.0 = Debug|Any CPU
		{E78AE709-9BBD-7A9F-136B-B810025163F2}.Release|Any CPU.ActiveCfg = Release|Any CPU
		{E78AE709-9BBD-7A9F-136B-B810025163F2}.Release|Any CPU.Build.0 = Release|Any CPU
		{2165CBF5-FB8A-7DA3-1F60-6D675A5D8A5F}.Debug|Any CPU.ActiveCfg = Debug|Any CPU
		{2165CBF5-FB8A-7DA3-1F60-6D675A5D8A5F}.Debug|Any CPU.Build.0 = Debug|Any CPU
		{2165CBF5-FB8A-7DA3-1F60-6D675A5D8A5F}.Release|Any CPU.ActiveCfg = Release|Any CPU
		{2165CBF5-FB8A-7DA3-1F60-6D675A5D8A5F}.Release|Any CPU.Build.0 = Release|Any CPU
		{7A89BFD5-6AB4-B4F4-1507-65DED1BD2C94}.Debug|Any CPU.ActiveCfg = Debug|Any CPU
		{7A89BFD5-6AB4-B4F4-1507-65DED1BD2C94}.Debug|Any CPU.Build.0 = Debug|Any CPU
		{7A89BFD5-6AB4-B4F4-1507-65DED1BD2C94}.Release|Any CPU.ActiveCfg = Release|Any CPU
		{7A89BFD5-6AB4-B4F4-1507-65DED1BD2C94}.Release|Any CPU.Build.0 = Release|Any CPU
		{63A70827-3D9A-C85B-6873-C340EBC4FEF9}.Debug|Any CPU.ActiveCfg = Debug|Any CPU
		{63A70827-3D9A-C85B-6873-C340EBC4FEF9}.Debug|Any CPU.Build.0 = Debug|Any CPU
		{63A70827-3D9A-C85B-6873-C340EBC4FEF9}.Release|Any CPU.ActiveCfg = Release|Any CPU
		{63A70827-3D9A-C85B-6873-C340EBC4FEF9}.Release|Any CPU.Build.0 = Release|Any CPU
		{B559A64A-7858-CFC0-99B0-88E4C9A47AA3}.Debug|Any CPU.ActiveCfg = Debug|Any CPU
		{B559A64A-7858-CFC0-99B0-88E4C9A47AA3}.Debug|Any CPU.Build.0 = Debug|Any CPU
		{B559A64A-7858-CFC0-99B0-88E4C9A47AA3}.Release|Any CPU.ActiveCfg = Release|Any CPU
		{B559A64A-7858-CFC0-99B0-88E4C9A47AA3}.Release|Any CPU.Build.0 = Release|Any CPU
		{80FDB13F-CA59-E61A-DAFE-2DF3EA85119E}.Debug|Any CPU.ActiveCfg = Debug|Any CPU
		{80FDB13F-CA59-E61A-DAFE-2DF3EA85119E}.Debug|Any CPU.Build.0 = Debug|Any CPU
		{80FDB13F-CA59-E61A-DAFE-2DF3EA85119E}.Release|Any CPU.ActiveCfg = Release|Any CPU
		{80FDB13F-CA59-E61A-DAFE-2DF3EA85119E}.Release|Any CPU.Build.0 = Release|Any CPU
	EndGlobalSection
	GlobalSection(SolutionProperties) = preSolution
		HideSolutionNode = FALSE
	EndGlobalSection
EndGlobal
